// !$*UTF8*$!
{
	archiveVersion = 1;
	classes = {
	};
	objectVersion = 50;
	objects = {

/* Begin PBXBuildFile section */
		DC3341A127F1CAF900BA340E /* ATCollectionViewWaterfallLayout.m in Sources */ = {isa = PBXBuildFile; fileRef = DC3341A027F1CAF900BA340E /* ATCollectionViewWaterfallLayout.m */; };
		DC4B1CCB24AD89D400FD01C8 /* ATEventBus.m in Sources */ = {isa = PBXBuildFile; fileRef = DC4B1CCA24AD89D400FD01C8 /* ATEventBus.m */; };
		DC84FC7B247CFA2E00A2A5AA /* ATRuntimeUtilsTest.m in Sources */ = {isa = PBXBuildFile; fileRef = DC84FC7A247CFA2E00A2A5AA /* ATRuntimeUtilsTest.m */; };
		DC84FC92247F486C00A2A5AA /* ATGCDTimerTest.m in Sources */ = {isa = PBXBuildFile; fileRef = DC84FC91247F486C00A2A5AA /* ATGCDTimerTest.m */; };
		DC84FC95247F57B300A2A5AA /* ATCountdownObj.m in Sources */ = {isa = PBXBuildFile; fileRef = DC84FC94247F57B300A2A5AA /* ATCountdownObj.m */; };
		DCB255682476564900AE8255 /* AppToolbox.m in Sources */ = {isa = PBXBuildFile; fileRef = DCB255672476564900AE8255 /* AppToolbox.m */; };
		DCB255692476564900AE8255 /* AppToolbox.h in CopyFiles */ = {isa = PBXBuildFile; fileRef = DCB255662476564900AE8255 /* AppToolbox.h */; };
		DCB255782476580D00AE8255 /* libAppToolbox.a in Frameworks */ = {isa = PBXBuildFile; fileRef = DCB255632476564900AE8255 /* libAppToolbox.a */; };
		DCB255E824765D8A00AE8255 /* ATTaskQueue.m in Sources */ = {isa = PBXBuildFile; fileRef = DCB255B324765D8900AE8255 /* ATTaskQueue.m */; };
		DCB255E924765D8A00AE8255 /* ATWeakObject.m in Sources */ = {isa = PBXBuildFile; fileRef = DCB255B824765D8900AE8255 /* ATWeakObject.m */; };
		DCB255EA24765D8A00AE8255 /* ATWeakProxy.m in Sources */ = {isa = PBXBuildFile; fileRef = DCB255B924765D8900AE8255 /* ATWeakProxy.m */; };
		DCB255EB24765D8A00AE8255 /* NSDictionary+AppToolbox.m in Sources */ = {isa = PBXBuildFile; fileRef = DCB255BE24765D8900AE8255 /* NSDictionary+AppToolbox.m */; };
		DCB255EC24765D8A00AE8255 /* NSDateFormatter+AppToolbox.m in Sources */ = {isa = PBXBuildFile; fileRef = DCB255BF24765D8900AE8255 /* NSDateFormatter+AppToolbox.m */; };
		DCB255ED24765D8A00AE8255 /* UIFont+AppToolbox.m in Sources */ = {isa = PBXBuildFile; fileRef = DCB255C024765D8900AE8255 /* UIFont+AppToolbox.m */; };
		DCB255EE24765D8A00AE8255 /* NSString+AppToolbox.m in Sources */ = {isa = PBXBuildFile; fileRef = DCB255C224765D8900AE8255 /* NSString+AppToolbox.m */; };
		DCB255EF24765D8A00AE8255 /* UIColor+AppToolbox.m in Sources */ = {isa = PBXBuildFile; fileRef = DCB255C424765D8900AE8255 /* UIColor+AppToolbox.m */; };
		DCB255F024765D8A00AE8255 /* NSArray+AppToolbox.m in Sources */ = {isa = PBXBuildFile; fileRef = DCB255C524765D8900AE8255 /* NSArray+AppToolbox.m */; };
		DCB255F124765D8A00AE8255 /* NSMutableAttributedString+AppToolbox.m in Sources */ = {isa = PBXBuildFile; fileRef = DCB255C624765D8900AE8255 /* NSMutableAttributedString+AppToolbox.m */; };
		DCB255F224765D8A00AE8255 /* NSObject+AppToolbox.m in Sources */ = {isa = PBXBuildFile; fileRef = DCB255CB24765D8900AE8255 /* NSObject+AppToolbox.m */; };
		DCB255F324765D8A00AE8255 /* NSBundle+AppToolbox.m in Sources */ = {isa = PBXBuildFile; fileRef = DCB255CC24765D8900AE8255 /* NSBundle+AppToolbox.m */; };
		DCB255F424765D8A00AE8255 /* ATFileManager.m in Sources */ = {isa = PBXBuildFile; fileRef = DCB255CE24765D8900AE8255 /* ATFileManager.m */; };
		DCB255F524765D8A00AE8255 /* ATBlockNotificationCenter.m in Sources */ = {isa = PBXBuildFile; fileRef = DCB255D124765D8900AE8255 /* ATBlockNotificationCenter.m */; };
		DCB255F624765D8A00AE8255 /* ATProtocolManager.m in Sources */ = {isa = PBXBuildFile; fileRef = DCB255D424765D8900AE8255 /* ATProtocolManager.m */; };
		DCB255F724765D8A00AE8255 /* ATInstanceManager.m in Sources */ = {isa = PBXBuildFile; fileRef = DCB255D524765D8900AE8255 /* ATInstanceManager.m */; };
		DCB255F824765D8A00AE8255 /* ATGCDTimer.m in Sources */ = {isa = PBXBuildFile; fileRef = DCB255DB24765D8900AE8255 /* ATGCDTimer.m */; };
		DCB255F924765D8A00AE8255 /* ATWeakTimer.m in Sources */ = {isa = PBXBuildFile; fileRef = DCB255DC24765D8900AE8255 /* ATWeakTimer.m */; };
		DCB255FA24765D8A00AE8255 /* ATRuntimeUtils.m in Sources */ = {isa = PBXBuildFile; fileRef = DCB255DF24765D8900AE8255 /* ATRuntimeUtils.m */; };
		DCB255FB24765D8A00AE8255 /* ATComponentService.m in Sources */ = {isa = PBXBuildFile; fileRef = DCB255E224765D8900AE8255 /* ATComponentService.m */; };
		DCB255FC24765D8A00AE8255 /* ATApiStrategy.m in Sources */ = {isa = PBXBuildFile; fileRef = DCB255E624765D8900AE8255 /* ATApiStrategy.m */; };
		DCB25601247660B400AE8255 /* ATWeakTimerTest.m in Sources */ = {isa = PBXBuildFile; fileRef = DCB255FD247660B400AE8255 /* ATWeakTimerTest.m */; };
		DCB25602247660B400AE8255 /* ATTaskQueueTest.m in Sources */ = {isa = PBXBuildFile; fileRef = DCB255FE247660B400AE8255 /* ATTaskQueueTest.m */; };
		DCB25604247660B400AE8255 /* ATStringTest.m in Sources */ = {isa = PBXBuildFile; fileRef = DCB25600247660B400AE8255 /* ATStringTest.m */; };
		DCEBE8422480A3B400AC13E1 /* NSDate+AppToolbox.m in Sources */ = {isa = PBXBuildFile; fileRef = DCEBE8412480A3B400AC13E1 /* NSDate+AppToolbox.m */; };
		DCEBE8462480A88300AC13E1 /* ATUserDefaults.m in Sources */ = {isa = PBXBuildFile; fileRef = DCEBE8452480A88300AC13E1 /* ATUserDefaults.m */; };
		DCEBE8512484B1D700AC13E1 /* ATTimeWheel.m in Sources */ = {isa = PBXBuildFile; fileRef = DCEBE8502484B1D700AC13E1 /* ATTimeWheel.m */; };
/* End PBXBuildFile section */

/* Begin PBXContainerItemProxy section */
		DCB255792476580D00AE8255 /* PBXContainerItemProxy */ = {
			isa = PBXContainerItemProxy;
			containerPortal = DCB2555B2476564900AE8255 /* Project object */;
			proxyType = 1;
			remoteGlobalIDString = DCB255622476564900AE8255;
			remoteInfo = AppToolbox;
		};
/* End PBXContainerItemProxy section */

/* Begin PBXCopyFilesBuildPhase section */
		DCB255612476564900AE8255 /* CopyFiles */ = {
			isa = PBXCopyFilesBuildPhase;
			buildActionMask = 2147483647;
			dstPath = "include/$(PRODUCT_NAME)";
			dstSubfolderSpec = 16;
			files = (
				DCB255692476564900AE8255 /* AppToolbox.h in CopyFiles */,
			);
			runOnlyForDeploymentPostprocessing = 0;
		};
/* End PBXCopyFilesBuildPhase section */

/* Begin PBXFileReference section */
		DC33419F27F1CAF900BA340E /* ATCollectionViewWaterfallLayout.h */ = {isa = PBXFileReference; lastKnownFileType = sourcecode.c.h; name = ATCollectionViewWaterfallLayout.h; path = AppToolbox/UI/ATCollectionViewWaterfallLayout.h; sourceTree = SOURCE_ROOT; };
		DC3341A027F1CAF900BA340E /* ATCollectionViewWaterfallLayout.m */ = {isa = PBXFileReference; lastKnownFileType = sourcecode.c.objc; name = ATCollectionViewWaterfallLayout.m; path = AppToolbox/UI/ATCollectionViewWaterfallLayout.m; sourceTree = SOURCE_ROOT; };
		DC4B1CC924AD89D400FD01C8 /* ATEventBus.h */ = {isa = PBXFileReference; lastKnownFileType = sourcecode.c.h; path = ATEventBus.h; sourceTree = "<group>"; };
		DC4B1CCA24AD89D400FD01C8 /* ATEventBus.m */ = {isa = PBXFileReference; lastKnownFileType = sourcecode.c.objc; path = ATEventBus.m; sourceTree = "<group>"; };
		DC84FC7A247CFA2E00A2A5AA /* ATRuntimeUtilsTest.m */ = {isa = PBXFileReference; lastKnownFileType = sourcecode.c.objc; path = ATRuntimeUtilsTest.m; sourceTree = "<group>"; };
		DC84FC91247F486C00A2A5AA /* ATGCDTimerTest.m */ = {isa = PBXFileReference; lastKnownFileType = sourcecode.c.objc; path = ATGCDTimerTest.m; sourceTree = "<group>"; };
		DC84FC93247F57B300A2A5AA /* ATCountdownObj.h */ = {isa = PBXFileReference; lastKnownFileType = sourcecode.c.h; path = ATCountdownObj.h; sourceTree = "<group>"; };
		DC84FC94247F57B300A2A5AA /* ATCountdownObj.m */ = {isa = PBXFileReference; lastKnownFileType = sourcecode.c.objc; path = ATCountdownObj.m; sourceTree = "<group>"; };
		DCB255632476564900AE8255 /* libAppToolbox.a */ = {isa = PBXFileReference; explicitFileType = archive.ar; includeInIndex = 0; path = libAppToolbox.a; sourceTree = BUILT_PRODUCTS_DIR; };
		DCB255662476564900AE8255 /* AppToolbox.h */ = {isa = PBXFileReference; lastKnownFileType = sourcecode.c.h; path = AppToolbox.h; sourceTree = "<group>"; };
		DCB255672476564900AE8255 /* AppToolbox.m */ = {isa = PBXFileReference; lastKnownFileType = sourcecode.c.objc; path = AppToolbox.m; sourceTree = "<group>"; };
		DCB255732476580D00AE8255 /* AppToolboxTests.xctest */ = {isa = PBXFileReference; explicitFileType = wrapper.cfbundle; includeInIndex = 0; path = AppToolboxTests.xctest; sourceTree = BUILT_PRODUCTS_DIR; };
		DCB255772476580D00AE8255 /* Info.plist */ = {isa = PBXFileReference; lastKnownFileType = text.plist.xml; path = Info.plist; sourceTree = "<group>"; };
		DCB255B324765D8900AE8255 /* ATTaskQueue.m */ = {isa = PBXFileReference; fileEncoding = 4; lastKnownFileType = sourcecode.c.objc; path = ATTaskQueue.m; sourceTree = "<group>"; };
		DCB255B424765D8900AE8255 /* ATTaskQueue.h */ = {isa = PBXFileReference; fileEncoding = 4; lastKnownFileType = sourcecode.c.h; path = ATTaskQueue.h; sourceTree = "<group>"; };
		DCB255B624765D8900AE8255 /* ATWeakObject.h */ = {isa = PBXFileReference; fileEncoding = 4; lastKnownFileType = sourcecode.c.h; path = ATWeakObject.h; sourceTree = "<group>"; };
		DCB255B724765D8900AE8255 /* ATWeakProxy.h */ = {isa = PBXFileReference; fileEncoding = 4; lastKnownFileType = sourcecode.c.h; path = ATWeakProxy.h; sourceTree = "<group>"; };
		DCB255B824765D8900AE8255 /* ATWeakObject.m */ = {isa = PBXFileReference; fileEncoding = 4; lastKnownFileType = sourcecode.c.objc; path = ATWeakObject.m; sourceTree = "<group>"; };
		DCB255B924765D8900AE8255 /* ATWeakProxy.m */ = {isa = PBXFileReference; fileEncoding = 4; lastKnownFileType = sourcecode.c.objc; path = ATWeakProxy.m; sourceTree = "<group>"; };
		DCB255BB24765D8900AE8255 /* UIColor+AppToolbox.h */ = {isa = PBXFileReference; fileEncoding = 4; lastKnownFileType = sourcecode.c.h; path = "UIColor+AppToolbox.h"; sourceTree = "<group>"; };
		DCB255BC24765D8900AE8255 /* NSMutableAttributedString+AppToolbox.h */ = {isa = PBXFileReference; fileEncoding = 4; lastKnownFileType = sourcecode.c.h; path = "NSMutableAttributedString+AppToolbox.h"; sourceTree = "<group>"; };
		DCB255BD24765D8900AE8255 /* NSArray+AppToolbox.h */ = {isa = PBXFileReference; fileEncoding = 4; lastKnownFileType = sourcecode.c.h; path = "NSArray+AppToolbox.h"; sourceTree = "<group>"; };
		DCB255BE24765D8900AE8255 /* NSDictionary+AppToolbox.m */ = {isa = PBXFileReference; fileEncoding = 4; lastKnownFileType = sourcecode.c.objc; path = "NSDictionary+AppToolbox.m"; sourceTree = "<group>"; };
		DCB255BF24765D8900AE8255 /* NSDateFormatter+AppToolbox.m */ = {isa = PBXFileReference; fileEncoding = 4; lastKnownFileType = sourcecode.c.objc; path = "NSDateFormatter+AppToolbox.m"; sourceTree = "<group>"; };
		DCB255C024765D8900AE8255 /* UIFont+AppToolbox.m */ = {isa = PBXFileReference; fileEncoding = 4; lastKnownFileType = sourcecode.c.objc; path = "UIFont+AppToolbox.m"; sourceTree = "<group>"; };
		DCB255C124765D8900AE8255 /* NSBundle+AppToolbox.h */ = {isa = PBXFileReference; fileEncoding = 4; lastKnownFileType = sourcecode.c.h; path = "NSBundle+AppToolbox.h"; sourceTree = "<group>"; };
		DCB255C224765D8900AE8255 /* NSString+AppToolbox.m */ = {isa = PBXFileReference; fileEncoding = 4; lastKnownFileType = sourcecode.c.objc; path = "NSString+AppToolbox.m"; sourceTree = "<group>"; };
		DCB255C324765D8900AE8255 /* NSObject+AppToolbox.h */ = {isa = PBXFileReference; fileEncoding = 4; lastKnownFileType = sourcecode.c.h; path = "NSObject+AppToolbox.h"; sourceTree = "<group>"; };
		DCB255C424765D8900AE8255 /* UIColor+AppToolbox.m */ = {isa = PBXFileReference; fileEncoding = 4; lastKnownFileType = sourcecode.c.objc; path = "UIColor+AppToolbox.m"; sourceTree = "<group>"; };
		DCB255C524765D8900AE8255 /* NSArray+AppToolbox.m */ = {isa = PBXFileReference; fileEncoding = 4; lastKnownFileType = sourcecode.c.objc; path = "NSArray+AppToolbox.m"; sourceTree = "<group>"; };
		DCB255C624765D8900AE8255 /* NSMutableAttributedString+AppToolbox.m */ = {isa = PBXFileReference; fileEncoding = 4; lastKnownFileType = sourcecode.c.objc; path = "NSMutableAttributedString+AppToolbox.m"; sourceTree = "<group>"; };
		DCB255C724765D8900AE8255 /* UIFont+AppToolbox.h */ = {isa = PBXFileReference; fileEncoding = 4; lastKnownFileType = sourcecode.c.h; path = "UIFont+AppToolbox.h"; sourceTree = "<group>"; };
		DCB255C824765D8900AE8255 /* NSDateFormatter+AppToolbox.h */ = {isa = PBXFileReference; fileEncoding = 4; lastKnownFileType = sourcecode.c.h; path = "NSDateFormatter+AppToolbox.h"; sourceTree = "<group>"; };
		DCB255C924765D8900AE8255 /* NSDictionary+AppToolbox.h */ = {isa = PBXFileReference; fileEncoding = 4; lastKnownFileType = sourcecode.c.h; path = "NSDictionary+AppToolbox.h"; sourceTree = "<group>"; };
		DCB255CA24765D8900AE8255 /* NSString+AppToolbox.h */ = {isa = PBXFileReference; fileEncoding = 4; lastKnownFileType = sourcecode.c.h; path = "NSString+AppToolbox.h"; sourceTree = "<group>"; };
		DCB255CB24765D8900AE8255 /* NSObject+AppToolbox.m */ = {isa = PBXFileReference; fileEncoding = 4; lastKnownFileType = sourcecode.c.objc; path = "NSObject+AppToolbox.m"; sourceTree = "<group>"; };
		DCB255CC24765D8900AE8255 /* NSBundle+AppToolbox.m */ = {isa = PBXFileReference; fileEncoding = 4; lastKnownFileType = sourcecode.c.objc; path = "NSBundle+AppToolbox.m"; sourceTree = "<group>"; };
		DCB255CE24765D8900AE8255 /* ATFileManager.m */ = {isa = PBXFileReference; fileEncoding = 4; lastKnownFileType = sourcecode.c.objc; path = ATFileManager.m; sourceTree = "<group>"; };
		DCB255CF24765D8900AE8255 /* ATFileManager.h */ = {isa = PBXFileReference; fileEncoding = 4; lastKnownFileType = sourcecode.c.h; path = ATFileManager.h; sourceTree = "<group>"; };
		DCB255D124765D8900AE8255 /* ATBlockNotificationCenter.m */ = {isa = PBXFileReference; fileEncoding = 4; lastKnownFileType = sourcecode.c.objc; path = ATBlockNotificationCenter.m; sourceTree = "<group>"; };
		DCB255D224765D8900AE8255 /* ATBlockNotificationCenter.h */ = {isa = PBXFileReference; fileEncoding = 4; lastKnownFileType = sourcecode.c.h; path = ATBlockNotificationCenter.h; sourceTree = "<group>"; };
		DCB255D424765D8900AE8255 /* ATProtocolManager.m */ = {isa = PBXFileReference; fileEncoding = 4; lastKnownFileType = sourcecode.c.objc; path = ATProtocolManager.m; sourceTree = "<group>"; };
		DCB255D524765D8900AE8255 /* ATInstanceManager.m */ = {isa = PBXFileReference; fileEncoding = 4; lastKnownFileType = sourcecode.c.objc; path = ATInstanceManager.m; sourceTree = "<group>"; };
		DCB255D624765D8900AE8255 /* ATProtocolManager.h */ = {isa = PBXFileReference; fileEncoding = 4; lastKnownFileType = sourcecode.c.h; path = ATProtocolManager.h; sourceTree = "<group>"; };
		DCB255D724765D8900AE8255 /* ATInstanceManager.h */ = {isa = PBXFileReference; fileEncoding = 4; lastKnownFileType = sourcecode.c.h; path = ATInstanceManager.h; sourceTree = "<group>"; };
		DCB255D924765D8900AE8255 /* ATGCDTimer.h */ = {isa = PBXFileReference; fileEncoding = 4; lastKnownFileType = sourcecode.c.h; path = ATGCDTimer.h; sourceTree = "<group>"; };
		DCB255DA24765D8900AE8255 /* ATWeakTimer.h */ = {isa = PBXFileReference; fileEncoding = 4; lastKnownFileType = sourcecode.c.h; path = ATWeakTimer.h; sourceTree = "<group>"; };
		DCB255DB24765D8900AE8255 /* ATGCDTimer.m */ = {isa = PBXFileReference; fileEncoding = 4; lastKnownFileType = sourcecode.c.objc; path = ATGCDTimer.m; sourceTree = "<group>"; };
		DCB255DC24765D8900AE8255 /* ATWeakTimer.m */ = {isa = PBXFileReference; fileEncoding = 4; lastKnownFileType = sourcecode.c.objc; path = ATWeakTimer.m; sourceTree = "<group>"; };
		DCB255DE24765D8900AE8255 /* ATRuntimeUtils.h */ = {isa = PBXFileReference; fileEncoding = 4; lastKnownFileType = sourcecode.c.h; path = ATRuntimeUtils.h; sourceTree = "<group>"; };
		DCB255DF24765D8900AE8255 /* ATRuntimeUtils.m */ = {isa = PBXFileReference; fileEncoding = 4; lastKnownFileType = sourcecode.c.objc; path = ATRuntimeUtils.m; sourceTree = "<group>"; };
		DCB255E124765D8900AE8255 /* ATComponentService.h */ = {isa = PBXFileReference; fileEncoding = 4; lastKnownFileType = sourcecode.c.h; path = ATComponentService.h; sourceTree = "<group>"; };
		DCB255E224765D8900AE8255 /* ATComponentService.m */ = {isa = PBXFileReference; fileEncoding = 4; lastKnownFileType = sourcecode.c.objc; path = ATComponentService.m; sourceTree = "<group>"; };
		DCB255E424765D8900AE8255 /* ATGlobalMacro.h */ = {isa = PBXFileReference; fileEncoding = 4; lastKnownFileType = sourcecode.c.h; path = ATGlobalMacro.h; sourceTree = "<group>"; };
		DCB255E624765D8900AE8255 /* ATApiStrategy.m */ = {isa = PBXFileReference; fileEncoding = 4; lastKnownFileType = sourcecode.c.objc; path = ATApiStrategy.m; sourceTree = "<group>"; };
		DCB255E724765D8900AE8255 /* ATApiStrategy.h */ = {isa = PBXFileReference; fileEncoding = 4; lastKnownFileType = sourcecode.c.h; path = ATApiStrategy.h; sourceTree = "<group>"; };
		DCB255FD247660B400AE8255 /* ATWeakTimerTest.m */ = {isa = PBXFileReference; fileEncoding = 4; lastKnownFileType = sourcecode.c.objc; path = ATWeakTimerTest.m; sourceTree = "<group>"; };
		DCB255FE247660B400AE8255 /* ATTaskQueueTest.m */ = {isa = PBXFileReference; fileEncoding = 4; lastKnownFileType = sourcecode.c.objc; path = ATTaskQueueTest.m; sourceTree = "<group>"; };
		DCB25600247660B400AE8255 /* ATStringTest.m */ = {isa = PBXFileReference; fileEncoding = 4; lastKnownFileType = sourcecode.c.objc; path = ATStringTest.m; sourceTree = "<group>"; };
		DCEBE8402480A3B400AC13E1 /* NSDate+AppToolbox.h */ = {isa = PBXFileReference; lastKnownFileType = sourcecode.c.h; path = "NSDate+AppToolbox.h"; sourceTree = "<group>"; };
		DCEBE8412480A3B400AC13E1 /* NSDate+AppToolbox.m */ = {isa = PBXFileReference; lastKnownFileType = sourcecode.c.objc; path = "NSDate+AppToolbox.m"; sourceTree = "<group>"; };
		DCEBE8442480A88300AC13E1 /* ATUserDefaults.h */ = {isa = PBXFileReference; lastKnownFileType = sourcecode.c.h; path = ATUserDefaults.h; sourceTree = "<group>"; };
		DCEBE8452480A88300AC13E1 /* ATUserDefaults.m */ = {isa = PBXFileReference; lastKnownFileType = sourcecode.c.objc; path = ATUserDefaults.m; sourceTree = "<group>"; };
		DCEBE84F2484B1D700AC13E1 /* ATTimeWheel.h */ = {isa = PBXFileReference; lastKnownFileType = sourcecode.c.h; path = ATTimeWheel.h; sourceTree = "<group>"; };
		DCEBE8502484B1D700AC13E1 /* ATTimeWheel.m */ = {isa = PBXFileReference; lastKnownFileType = sourcecode.c.objc; path = ATTimeWheel.m; sourceTree = "<group>"; };
/* End PBXFileReference section */

/* Begin PBXFrameworksBuildPhase section */
		DCB255602476564900AE8255 /* Frameworks */ = {
			isa = PBXFrameworksBuildPhase;
			buildActionMask = 2147483647;
			files = (
			);
			runOnlyForDeploymentPostprocessing = 0;
		};
		DCB255702476580D00AE8255 /* Frameworks */ = {
			isa = PBXFrameworksBuildPhase;
			buildActionMask = 2147483647;
			files = (
				DCB255782476580D00AE8255 /* libAppToolbox.a in Frameworks */,
			);
			runOnlyForDeploymentPostprocessing = 0;
		};
/* End PBXFrameworksBuildPhase section */

/* Begin PBXGroup section */
		DC33419E27F1CAC400BA340E /* UI */ = {
			isa = PBXGroup;
			children = (
				DC33419F27F1CAF900BA340E /* ATCollectionViewWaterfallLayout.h */,
				DC3341A027F1CAF900BA340E /* ATCollectionViewWaterfallLayout.m */,
			);
			path = UI;
			sourceTree = "<group>";
		};
		DCB2555A2476564900AE8255 = {
			isa = PBXGroup;
			children = (
				DCB255652476564900AE8255 /* AppToolbox */,
				DCB255742476580D00AE8255 /* AppToolboxTests */,
				DCB255642476564900AE8255 /* Products */,
			);
			sourceTree = "<group>";
		};
		DCB255642476564900AE8255 /* Products */ = {
			isa = PBXGroup;
			children = (
				DCB255632476564900AE8255 /* libAppToolbox.a */,
				DCB255732476580D00AE8255 /* AppToolboxTests.xctest */,
			);
			name = Products;
			sourceTree = "<group>";
		};
		DCB255652476564900AE8255 /* AppToolbox */ = {
			isa = PBXGroup;
			children = (
				DC33419E27F1CAC400BA340E /* UI */,
				DCB255B124765D8900AE8255 /* Utility */,
				DCB255662476564900AE8255 /* AppToolbox.h */,
				DCB255672476564900AE8255 /* AppToolbox.m */,
			);
			path = AppToolbox;
			sourceTree = "<group>";
		};
		DCB255742476580D00AE8255 /* AppToolboxTests */ = {
			isa = PBXGroup;
			children = (
				DC84FC7A247CFA2E00A2A5AA /* ATRuntimeUtilsTest.m */,
				DCB25600247660B400AE8255 /* ATStringTest.m */,
				DCB255FE247660B400AE8255 /* ATTaskQueueTest.m */,
				DC84FC91247F486C00A2A5AA /* ATGCDTimerTest.m */,
				DCB255FD247660B400AE8255 /* ATWeakTimerTest.m */,
				DCB255772476580D00AE8255 /* Info.plist */,
			);
			path = AppToolboxTests;
			sourceTree = "<group>";
		};
		DCB255B124765D8900AE8255 /* Utility */ = {
			isa = PBXGroup;
			children = (
				DCB255E524765D8900AE8255 /* ApiStrategy */,
				DCB255BA24765D8900AE8255 /* Category */,
				DCB255E024765D8900AE8255 /* Component */,
				DCEBE8432480A80700AC13E1 /* Config */,
				DCB255CD24765D8900AE8255 /* File */,
				DCEBE83F2480A24B00AC13E1 /* Http */,
				DCB255D324765D8900AE8255 /* InstanceManager */,
				DCB255E324765D8900AE8255 /* Macro */,
				DCB255D024765D8900AE8255 /* Notification */,
				DCB255DD24765D8900AE8255 /* Runtime */,
				DCB255B224765D8900AE8255 /* TaskQueue */,
				DCB255D824765D8900AE8255 /* Timer */,
				DCB255B524765D8900AE8255 /* WeakObject */,
			);
			path = Utility;
			sourceTree = "<group>";
		};
		DCB255B224765D8900AE8255 /* TaskQueue */ = {
			isa = PBXGroup;
			children = (
				DCB255B424765D8900AE8255 /* ATTaskQueue.h */,
				DCB255B324765D8900AE8255 /* ATTaskQueue.m */,
			);
			path = TaskQueue;
			sourceTree = "<group>";
		};
		DCB255B524765D8900AE8255 /* WeakObject */ = {
			isa = PBXGroup;
			children = (
				DCB255B624765D8900AE8255 /* ATWeakObject.h */,
				DCB255B824765D8900AE8255 /* ATWeakObject.m */,
				DCB255B724765D8900AE8255 /* ATWeakProxy.h */,
				DCB255B924765D8900AE8255 /* ATWeakProxy.m */,
			);
			path = WeakObject;
			sourceTree = "<group>";
		};
		DCB255BA24765D8900AE8255 /* Category */ = {
			isa = PBXGroup;
			children = (
				DCB255BD24765D8900AE8255 /* NSArray+AppToolbox.h */,
				DCB255C524765D8900AE8255 /* NSArray+AppToolbox.m */,
				DCB255C124765D8900AE8255 /* NSBundle+AppToolbox.h */,
				DCB255CC24765D8900AE8255 /* NSBundle+AppToolbox.m */,
				DCEBE8402480A3B400AC13E1 /* NSDate+AppToolbox.h */,
				DCEBE8412480A3B400AC13E1 /* NSDate+AppToolbox.m */,
				DCB255C824765D8900AE8255 /* NSDateFormatter+AppToolbox.h */,
				DCB255BF24765D8900AE8255 /* NSDateFormatter+AppToolbox.m */,
				DCB255C924765D8900AE8255 /* NSDictionary+AppToolbox.h */,
				DCB255BE24765D8900AE8255 /* NSDictionary+AppToolbox.m */,
				DCB255BC24765D8900AE8255 /* NSMutableAttributedString+AppToolbox.h */,
				DCB255C624765D8900AE8255 /* NSMutableAttributedString+AppToolbox.m */,
				DCB255C324765D8900AE8255 /* NSObject+AppToolbox.h */,
				DCB255CB24765D8900AE8255 /* NSObject+AppToolbox.m */,
				DCB255CA24765D8900AE8255 /* NSString+AppToolbox.h */,
				DCB255C224765D8900AE8255 /* NSString+AppToolbox.m */,
				DCB255BB24765D8900AE8255 /* UIColor+AppToolbox.h */,
				DCB255C424765D8900AE8255 /* UIColor+AppToolbox.m */,
				DCB255C724765D8900AE8255 /* UIFont+AppToolbox.h */,
				DCB255C024765D8900AE8255 /* UIFont+AppToolbox.m */,
			);
			path = Category;
			sourceTree = "<group>";
		};
		DCB255CD24765D8900AE8255 /* File */ = {
			isa = PBXGroup;
			children = (
				DCB255CF24765D8900AE8255 /* ATFileManager.h */,
				DCB255CE24765D8900AE8255 /* ATFileManager.m */,
			);
			path = File;
			sourceTree = "<group>";
		};
		DCB255D024765D8900AE8255 /* Notification */ = {
			isa = PBXGroup;
			children = (
				DCB255D224765D8900AE8255 /* ATBlockNotificationCenter.h */,
				DCB255D124765D8900AE8255 /* ATBlockNotificationCenter.m */,
				DC4B1CC924AD89D400FD01C8 /* ATEventBus.h */,
				DC4B1CCA24AD89D400FD01C8 /* ATEventBus.m */,
			);
			path = Notification;
			sourceTree = "<group>";
		};
		DCB255D324765D8900AE8255 /* InstanceManager */ = {
			isa = PBXGroup;
			children = (
				DCB255D724765D8900AE8255 /* ATInstanceManager.h */,
				DCB255D524765D8900AE8255 /* ATInstanceManager.m */,
				DCB255D624765D8900AE8255 /* ATProtocolManager.h */,
				DCB255D424765D8900AE8255 /* ATProtocolManager.m */,
			);
			path = InstanceManager;
			sourceTree = "<group>";
		};
		DCB255D824765D8900AE8255 /* Timer */ = {
			isa = PBXGroup;
			children = (
				DCB255D924765D8900AE8255 /* ATGCDTimer.h */,
				DCB255DB24765D8900AE8255 /* ATGCDTimer.m */,
				DCB255DA24765D8900AE8255 /* ATWeakTimer.h */,
				DCB255DC24765D8900AE8255 /* ATWeakTimer.m */,
				DC84FC93247F57B300A2A5AA /* ATCountdownObj.h */,
				DC84FC94247F57B300A2A5AA /* ATCountdownObj.m */,
				DCEBE84F2484B1D700AC13E1 /* ATTimeWheel.h */,
				DCEBE8502484B1D700AC13E1 /* ATTimeWheel.m */,
			);
			path = Timer;
			sourceTree = "<group>";
		};
		DCB255DD24765D8900AE8255 /* Runtime */ = {
			isa = PBXGroup;
			children = (
				DCB255DE24765D8900AE8255 /* ATRuntimeUtils.h */,
				DCB255DF24765D8900AE8255 /* ATRuntimeUtils.m */,
			);
			path = Runtime;
			sourceTree = "<group>";
		};
		DCB255E024765D8900AE8255 /* Component */ = {
			isa = PBXGroup;
			children = (
				DCB255E124765D8900AE8255 /* ATComponentService.h */,
				DCB255E224765D8900AE8255 /* ATComponentService.m */,
			);
			path = Component;
			sourceTree = "<group>";
		};
		DCB255E324765D8900AE8255 /* Macro */ = {
			isa = PBXGroup;
			children = (
				DCB255E424765D8900AE8255 /* ATGlobalMacro.h */,
			);
			path = Macro;
			sourceTree = "<group>";
		};
		DCB255E524765D8900AE8255 /* ApiStrategy */ = {
			isa = PBXGroup;
			children = (
				DCB255E724765D8900AE8255 /* ATApiStrategy.h */,
				DCB255E624765D8900AE8255 /* ATApiStrategy.m */,
			);
			path = ApiStrategy;
			sourceTree = "<group>";
		};
		DCEBE83F2480A24B00AC13E1 /* Http */ = {
			isa = PBXGroup;
			children = (
			);
			path = Http;
			sourceTree = "<group>";
		};
		DCEBE8432480A80700AC13E1 /* Config */ = {
			isa = PBXGroup;
			children = (
				DCEBE8442480A88300AC13E1 /* ATUserDefaults.h */,
				DCEBE8452480A88300AC13E1 /* ATUserDefaults.m */,
			);
			path = Config;
			sourceTree = "<group>";
		};
/* End PBXGroup section */

/* Begin PBXNativeTarget section */
		DCB255622476564900AE8255 /* AppToolbox */ = {
			isa = PBXNativeTarget;
			buildConfigurationList = DCB2556C2476564900AE8255 /* Build configuration list for PBXNativeTarget "AppToolbox" */;
			buildPhases = (
				DCB2555F2476564900AE8255 /* Sources */,
				DCB255602476564900AE8255 /* Frameworks */,
				DCB255612476564900AE8255 /* CopyFiles */,
			);
			buildRules = (
			);
			dependencies = (
			);
			name = AppToolbox;
			productName = AppToolbox;
			productReference = DCB255632476564900AE8255 /* libAppToolbox.a */;
			productType = "com.apple.product-type.library.static";
		};
		DCB255722476580D00AE8255 /* AppToolboxTests */ = {
			isa = PBXNativeTarget;
			buildConfigurationList = DCB2557D2476580D00AE8255 /* Build configuration list for PBXNativeTarget "AppToolboxTests" */;
			buildPhases = (
				DCB2556F2476580D00AE8255 /* Sources */,
				DCB255702476580D00AE8255 /* Frameworks */,
				DCB255712476580D00AE8255 /* Resources */,
			);
			buildRules = (
			);
			dependencies = (
				DCB2557A2476580D00AE8255 /* PBXTargetDependency */,
			);
			name = AppToolboxTests;
			productName = AppToolboxTests;
			productReference = DCB255732476580D00AE8255 /* AppToolboxTests.xctest */;
			productType = "com.apple.product-type.bundle.unit-test";
		};
/* End PBXNativeTarget section */

/* Begin PBXProject section */
		DCB2555B2476564900AE8255 /* Project object */ = {
			isa = PBXProject;
			attributes = {
				CLASSPREFIX = AT;
				LastUpgradeCheck = 1130;
				ORGANIZATIONNAME = AppToolbox;
				TargetAttributes = {
					DCB255622476564900AE8255 = {
						CreatedOnToolsVersion = 11.3.1;
					};
					DCB255722476580D00AE8255 = {
						CreatedOnToolsVersion = 11.3.1;
					};
				};
			};
			buildConfigurationList = DCB2555E2476564900AE8255 /* Build configuration list for PBXProject "AppToolbox" */;
			compatibilityVersion = "Xcode 9.3";
			developmentRegion = en;
			hasScannedForEncodings = 0;
			knownRegions = (
				en,
				Base,
			);
			mainGroup = DCB2555A2476564900AE8255;
			productRefGroup = DCB255642476564900AE8255 /* Products */;
			projectDirPath = "";
			projectRoot = "";
			targets = (
				DCB255622476564900AE8255 /* AppToolbox */,
				DCB255722476580D00AE8255 /* AppToolboxTests */,
			);
		};
/* End PBXProject section */

/* Begin PBXResourcesBuildPhase section */
		DCB255712476580D00AE8255 /* Resources */ = {
			isa = PBXResourcesBuildPhase;
			buildActionMask = 2147483647;
			files = (
			);
			runOnlyForDeploymentPostprocessing = 0;
		};
/* End PBXResourcesBuildPhase section */

/* Begin PBXSourcesBuildPhase section */
		DCB2555F2476564900AE8255 /* Sources */ = {
			isa = PBXSourcesBuildPhase;
			buildActionMask = 2147483647;
			files = (
				DCB255F624765D8A00AE8255 /* ATProtocolManager.m in Sources */,
				DCB255F124765D8A00AE8255 /* NSMutableAttributedString+AppToolbox.m in Sources */,
				DCB255ED24765D8A00AE8255 /* UIFont+AppToolbox.m in Sources */,
				DCB255F824765D8A00AE8255 /* ATGCDTimer.m in Sources */,
				DCB255EB24765D8A00AE8255 /* NSDictionary+AppToolbox.m in Sources */,
				DCB255682476564900AE8255 /* AppToolbox.m in Sources */,
				DCB255F724765D8A00AE8255 /* ATInstanceManager.m in Sources */,
				DCB255F424765D8A00AE8255 /* ATFileManager.m in Sources */,
				DCB255EF24765D8A00AE8255 /* UIColor+AppToolbox.m in Sources */,
				DCB255FA24765D8A00AE8255 /* ATRuntimeUtils.m in Sources */,
				DCB255EE24765D8A00AE8255 /* NSString+AppToolbox.m in Sources */,
				DCB255E924765D8A00AE8255 /* ATWeakObject.m in Sources */,
				DCB255E824765D8A00AE8255 /* ATTaskQueue.m in Sources */,
				DCB255F324765D8A00AE8255 /* NSBundle+AppToolbox.m in Sources */,
				DCB255EA24765D8A00AE8255 /* ATWeakProxy.m in Sources */,
				DCB255F024765D8A00AE8255 /* NSArray+AppToolbox.m in Sources */,
				DCEBE8422480A3B400AC13E1 /* NSDate+AppToolbox.m in Sources */,
				DCB255FC24765D8A00AE8255 /* ATApiStrategy.m in Sources */,
				DCB255F524765D8A00AE8255 /* ATBlockNotificationCenter.m in Sources */,
				DC4B1CCB24AD89D400FD01C8 /* ATEventBus.m in Sources */,
				DC84FC95247F57B300A2A5AA /* ATCountdownObj.m in Sources */,
				DCEBE8462480A88300AC13E1 /* ATUserDefaults.m in Sources */,
				DCB255FB24765D8A00AE8255 /* ATComponentService.m in Sources */,
				DCB255EC24765D8A00AE8255 /* NSDateFormatter+AppToolbox.m in Sources */,
				DC3341A127F1CAF900BA340E /* ATCollectionViewWaterfallLayout.m in Sources */,
				DCEBE8512484B1D700AC13E1 /* ATTimeWheel.m in Sources */,
				DCB255F224765D8A00AE8255 /* NSObject+AppToolbox.m in Sources */,
				DCB255F924765D8A00AE8255 /* ATWeakTimer.m in Sources */,
			);
			runOnlyForDeploymentPostprocessing = 0;
		};
		DCB2556F2476580D00AE8255 /* Sources */ = {
			isa = PBXSourcesBuildPhase;
			buildActionMask = 2147483647;
			files = (
				DC84FC7B247CFA2E00A2A5AA /* ATRuntimeUtilsTest.m in Sources */,
				DC84FC92247F486C00A2A5AA /* ATGCDTimerTest.m in Sources */,
				DCB25602247660B400AE8255 /* ATTaskQueueTest.m in Sources */,
				DCB25601247660B400AE8255 /* ATWeakTimerTest.m in Sources */,
				DCB25604247660B400AE8255 /* ATStringTest.m in Sources */,
			);
			runOnlyForDeploymentPostprocessing = 0;
		};
/* End PBXSourcesBuildPhase section */

/* Begin PBXTargetDependency section */
		DCB2557A2476580D00AE8255 /* PBXTargetDependency */ = {
			isa = PBXTargetDependency;
			target = DCB255622476564900AE8255 /* AppToolbox */;
			targetProxy = DCB255792476580D00AE8255 /* PBXContainerItemProxy */;
		};
/* End PBXTargetDependency section */

/* Begin XCBuildConfiguration section */
		DCB2556A2476564900AE8255 /* Debug */ = {
			isa = XCBuildConfiguration;
			buildSettings = {
				ALWAYS_SEARCH_USER_PATHS = NO;
				CLANG_ANALYZER_NONNULL = YES;
				CLANG_ANALYZER_NUMBER_OBJECT_CONVERSION = YES_AGGRESSIVE;
				CLANG_CXX_LANGUAGE_STANDARD = "gnu++14";
				CLANG_CXX_LIBRARY = "libc++";
				CLANG_ENABLE_MODULES = YES;
				CLANG_ENABLE_OBJC_ARC = YES;
				CLANG_ENABLE_OBJC_WEAK = YES;
				CLANG_WARN_BLOCK_CAPTURE_AUTORELEASING = YES;
				CLANG_WARN_BOOL_CONVERSION = YES;
				CLANG_WARN_COMMA = YES;
				CLANG_WARN_CONSTANT_CONVERSION = YES;
				CLANG_WARN_DEPRECATED_OBJC_IMPLEMENTATIONS = YES;
				CLANG_WARN_DIRECT_OBJC_ISA_USAGE = YES_ERROR;
				CLANG_WARN_DOCUMENTATION_COMMENTS = YES;
				CLANG_WARN_EMPTY_BODY = YES;
				CLANG_WARN_ENUM_CONVERSION = YES;
				CLANG_WARN_INFINITE_RECURSION = YES;
				CLANG_WARN_INT_CONVERSION = YES;
				CLANG_WARN_NON_LITERAL_NULL_CONVERSION = YES;
				CLANG_WARN_OBJC_IMPLICIT_RETAIN_SELF = YES;
				CLANG_WARN_OBJC_LITERAL_CONVERSION = YES;
				CLANG_WARN_OBJC_ROOT_CLASS = YES_ERROR;
				CLANG_WARN_RANGE_LOOP_ANALYSIS = YES;
				CLANG_WARN_STRICT_PROTOTYPES = YES;
				CLANG_WARN_SUSPICIOUS_MOVE = YES;
				CLANG_WARN_UNGUARDED_AVAILABILITY = YES_AGGRESSIVE;
				CLANG_WARN_UNREACHABLE_CODE = YES;
				CLANG_WARN__DUPLICATE_METHOD_MATCH = YES;
				COPY_PHASE_STRIP = NO;
				DEBUG_INFORMATION_FORMAT = dwarf;
				ENABLE_STRICT_OBJC_MSGSEND = YES;
				ENABLE_TESTABILITY = YES;
				GCC_C_LANGUAGE_STANDARD = gnu11;
				GCC_DYNAMIC_NO_PIC = NO;
				GCC_NO_COMMON_BLOCKS = YES;
				GCC_OPTIMIZATION_LEVEL = 0;
				GCC_PREPROCESSOR_DEFINITIONS = (
					"DEBUG=1",
					"$(inherited)",
				);
				GCC_WARN_64_TO_32_BIT_CONVERSION = YES;
				GCC_WARN_ABOUT_RETURN_TYPE = YES_ERROR;
				GCC_WARN_UNDECLARED_SELECTOR = YES;
				GCC_WARN_UNINITIALIZED_AUTOS = YES_AGGRESSIVE;
				GCC_WARN_UNUSED_FUNCTION = YES;
				GCC_WARN_UNUSED_VARIABLE = YES;
				IPHONEOS_DEPLOYMENT_TARGET = 9.0;
				MTL_ENABLE_DEBUG_INFO = INCLUDE_SOURCE;
				MTL_FAST_MATH = YES;
				ONLY_ACTIVE_ARCH = YES;
				SDKROOT = iphoneos;
			};
			name = Debug;
		};
		DCB2556B2476564900AE8255 /* Release */ = {
			isa = XCBuildConfiguration;
			buildSettings = {
				ALWAYS_SEARCH_USER_PATHS = NO;
				CLANG_ANALYZER_NONNULL = YES;
				CLANG_ANALYZER_NUMBER_OBJECT_CONVERSION = YES_AGGRESSIVE;
				CLANG_CXX_LANGUAGE_STANDARD = "gnu++14";
				CLANG_CXX_LIBRARY = "libc++";
				CLANG_ENABLE_MODULES = YES;
				CLANG_ENABLE_OBJC_ARC = YES;
				CLANG_ENABLE_OBJC_WEAK = YES;
				CLANG_WARN_BLOCK_CAPTURE_AUTORELEASING = YES;
				CLANG_WARN_BOOL_CONVERSION = YES;
				CLANG_WARN_COMMA = YES;
				CLANG_WARN_CONSTANT_CONVERSION = YES;
				CLANG_WARN_DEPRECATED_OBJC_IMPLEMENTATIONS = YES;
				CLANG_WARN_DIRECT_OBJC_ISA_USAGE = YES_ERROR;
				CLANG_WARN_DOCUMENTATION_COMMENTS = YES;
				CLANG_WARN_EMPTY_BODY = YES;
				CLANG_WARN_ENUM_CONVERSION = YES;
				CLANG_WARN_INFINITE_RECURSION = YES;
				CLANG_WARN_INT_CONVERSION = YES;
				CLANG_WARN_NON_LITERAL_NULL_CONVERSION = YES;
				CLANG_WARN_OBJC_IMPLICIT_RETAIN_SELF = YES;
				CLANG_WARN_OBJC_LITERAL_CONVERSION = YES;
				CLANG_WARN_OBJC_ROOT_CLASS = YES_ERROR;
				CLANG_WARN_RANGE_LOOP_ANALYSIS = YES;
				CLANG_WARN_STRICT_PROTOTYPES = YES;
				CLANG_WARN_SUSPICIOUS_MOVE = YES;
				CLANG_WARN_UNGUARDED_AVAILABILITY = YES_AGGRESSIVE;
				CLANG_WARN_UNREACHABLE_CODE = YES;
				CLANG_WARN__DUPLICATE_METHOD_MATCH = YES;
				COPY_PHASE_STRIP = NO;
				DEBUG_INFORMATION_FORMAT = "dwarf-with-dsym";
				ENABLE_NS_ASSERTIONS = NO;
				ENABLE_STRICT_OBJC_MSGSEND = YES;
				GCC_C_LANGUAGE_STANDARD = gnu11;
				GCC_NO_COMMON_BLOCKS = YES;
				GCC_WARN_64_TO_32_BIT_CONVERSION = YES;
				GCC_WARN_ABOUT_RETURN_TYPE = YES_ERROR;
				GCC_WARN_UNDECLARED_SELECTOR = YES;
				GCC_WARN_UNINITIALIZED_AUTOS = YES_AGGRESSIVE;
				GCC_WARN_UNUSED_FUNCTION = YES;
				GCC_WARN_UNUSED_VARIABLE = YES;
				IPHONEOS_DEPLOYMENT_TARGET = 9.0;
				MTL_ENABLE_DEBUG_INFO = NO;
				MTL_FAST_MATH = YES;
				SDKROOT = iphoneos;
				VALIDATE_PRODUCT = YES;
			};
			name = Release;
		};
		DCB2556D2476564900AE8255 /* Debug */ = {
			isa = XCBuildConfiguration;
			buildSettings = {
				CODE_SIGN_STYLE = Automatic;
				OTHER_LDFLAGS = "-ObjC";
				PRODUCT_NAME = "$(TARGET_NAME)";
				SKIP_INSTALL = YES;
				TARGETED_DEVICE_FAMILY = "1,2";
			};
			name = Debug;
		};
		DCB2556E2476564900AE8255 /* Release */ = {
			isa = XCBuildConfiguration;
			buildSettings = {
				CODE_SIGN_STYLE = Automatic;
				OTHER_LDFLAGS = "-ObjC";
				PRODUCT_NAME = "$(TARGET_NAME)";
				SKIP_INSTALL = YES;
				TARGETED_DEVICE_FAMILY = "1,2";
			};
			name = Release;
		};
		DCB2557B2476580D00AE8255 /* Debug */ = {
			isa = XCBuildConfiguration;
			buildSettings = {
				CODE_SIGN_STYLE = Automatic;
				INFOPLIST_FILE = AppToolboxTests/Info.plist;
				LD_RUNPATH_SEARCH_PATHS = (
					"$(inherited)",
					"@executable_path/Frameworks",
					"@loader_path/Frameworks",
				);
				OTHER_LDFLAGS = "-ObjC";
				PRODUCT_BUNDLE_IDENTIFIER = com.AppToolbox.AppToolboxTests;
				PRODUCT_NAME = "$(TARGET_NAME)";
				TARGETED_DEVICE_FAMILY = "1,2";
			};
			name = Debug;
		};
		DCB2557C2476580D00AE8255 /* Release */ = {
			isa = XCBuildConfiguration;
			buildSettings = {
				CODE_SIGN_STYLE = Automatic;
				INFOPLIST_FILE = AppToolboxTests/Info.plist;
				LD_RUNPATH_SEARCH_PATHS = (
					"$(inherited)",
					"@executable_path/Frameworks",
					"@loader_path/Frameworks",
				);
				OTHER_LDFLAGS = "-ObjC";
				PRODUCT_BUNDLE_IDENTIFIER = com.AppToolbox.AppToolboxTests;
				PRODUCT_NAME = "$(TARGET_NAME)";
				TARGETED_DEVICE_FAMILY = "1,2";
			};
			name = Release;
		};
/* End XCBuildConfiguration section */

/* Begin XCConfigurationList section */
		DCB2555E2476564900AE8255 /* Build configuration list for PBXProject "AppToolbox" */ = {
			isa = XCConfigurationList;
			buildConfigurations = (
				DCB2556A2476564900AE8255 /* Debug */,
				DCB2556B2476564900AE8255 /* Release */,
			);
			defaultConfigurationIsVisible = 0;
			defaultConfigurationName = Release;
		};
		DCB2556C2476564900AE8255 /* Build configuration list for PBXNativeTarget "AppToolbox" */ = {
			isa = XCConfigurationList;
			buildConfigurations = (
				DCB2556D2476564900AE8255 /* Debug */,
				DCB2556E2476564900AE8255 /* Release */,
			);
			defaultConfigurationIsVisible = 0;
			defaultConfigurationName = Release;
		};
		DCB2557D2476580D00AE8255 /* Build configuration list for PBXNativeTarget "AppToolboxTests" */ = {
			isa = XCConfigurationList;
			buildConfigurations = (
				DCB2557B2476580D00AE8255 /* Debug */,
				DCB2557C2476580D00AE8255 /* Release */,
			);
			defaultConfigurationIsVisible = 0;
			defaultConfigurationName = Release;
		};
/* End XCConfigurationList section */
	};
	rootObject = DCB2555B2476564900AE8255 /* Project object */;
}
