// !$*UTF8*$!
{
	archiveVersion = 1;
	classes = {
	};
	objectVersion = 50;
	objects = {

/* Begin PBXBuildFile section */
		DC92FC552476679400DCF84F /* ATApiStrategyDemo.m in Sources */ = {isa = PBXBuildFile; fileRef = DC92FC4C2476679400DCF84F /* ATApiStrategyDemo.m */; };
		DC92FC562476679400DCF84F /* ATNotificationDemo.m in Sources */ = {isa = PBXBuildFile; fileRef = DC92FC4D2476679400DCF84F /* ATNotificationDemo.m */; };
		DC92FC572476679400DCF84F /* ATModuleManagerDemo.m in Sources */ = {isa = PBXBuildFile; fileRef = DC92FC4E2476679400DCF84F /* ATModuleManagerDemo.m */; };
		DC92FC582476679400DCF84F /* ATProtocolManagerDemo.m in Sources */ = {isa = PBXBuildFile; fileRef = DC92FC4F2476679400DCF84F /* ATProtocolManagerDemo.m */; };
		DC92FC592476679400DCF84F /* ATComponentDemo.m in Sources */ = {isa = PBXBuildFile; fileRef = DC92FC512476679400DCF84F /* ATComponentDemo.m */; };
		DCB2558C2476585900AE8255 /* AppDelegate.m in Sources */ = {isa = PBXBuildFile; fileRef = DCB2558B2476585900AE8255 /* AppDelegate.m */; };
		DCB255922476585900AE8255 /* ViewController.m in Sources */ = {isa = PBXBuildFile; fileRef = DCB255912476585900AE8255 /* ViewController.m */; };
		DCB255952476585900AE8255 /* Main.storyboard in Resources */ = {isa = PBXBuildFile; fileRef = DCB255932476585900AE8255 /* Main.storyboard */; };
		DCB255972476585B00AE8255 /* Assets.xcassets in Resources */ = {isa = PBXBuildFile; fileRef = DCB255962476585B00AE8255 /* Assets.xcassets */; };
		DCB2559A2476585B00AE8255 /* LaunchScreen.storyboard in Resources */ = {isa = PBXBuildFile; fileRef = DCB255982476585B00AE8255 /* LaunchScreen.storyboard */; };
		DCB2559D2476585B00AE8255 /* main.m in Sources */ = {isa = PBXBuildFile; fileRef = DCB2559C2476585B00AE8255 /* main.m */; };
		DCB255AF24765A1100AE8255 /* libAppToolbox.a in Frameworks */ = {isa = PBXBuildFile; fileRef = DCB255A92476597D00AE8255 /* libAppToolbox.a */; };
/* End PBXBuildFile section */

/* Begin PBXContainerItemProxy section */
		DCB255A82476597D00AE8255 /* PBXContainerItemProxy */ = {
			isa = PBXContainerItemProxy;
			containerPortal = DCB255A32476597D00AE8255 /* AppToolbox.xcodeproj */;
			proxyType = 2;
			remoteGlobalIDString = DCB255632476564900AE8255;
			remoteInfo = AppToolbox;
		};
		DCB255AA2476597D00AE8255 /* PBXContainerItemProxy */ = {
			isa = PBXContainerItemProxy;
			containerPortal = DCB255A32476597D00AE8255 /* AppToolbox.xcodeproj */;
			proxyType = 2;
			remoteGlobalIDString = DCB255732476580D00AE8255;
			remoteInfo = AppToolboxTests;
		};
		DCB255AC24765A0B00AE8255 /* PBXContainerItemProxy */ = {
			isa = PBXContainerItemProxy;
			containerPortal = DCB255A32476597D00AE8255 /* AppToolbox.xcodeproj */;
			proxyType = 1;
			remoteGlobalIDString = DCB255622476564900AE8255;
			remoteInfo = AppToolbox;
		};
/* End PBXContainerItemProxy section */

/* Begin PBXFileReference section */
		DC92FC4B2476679400DCF84F /* ATComponentDemo.h */ = {isa = PBXFileReference; fileEncoding = 4; lastKnownFileType = sourcecode.c.h; path = ATComponentDemo.h; sourceTree = "<group>"; };
		DC92FC4C2476679400DCF84F /* ATApiStrategyDemo.m */ = {isa = PBXFileReference; fileEncoding = 4; lastKnownFileType = sourcecode.c.objc; path = ATApiStrategyDemo.m; sourceTree = "<group>"; };
		DC92FC4D2476679400DCF84F /* ATNotificationDemo.m */ = {isa = PBXFileReference; fileEncoding = 4; lastKnownFileType = sourcecode.c.objc; path = ATNotificationDemo.m; sourceTree = "<group>"; };
		DC92FC4E2476679400DCF84F /* ATModuleManagerDemo.m */ = {isa = PBXFileReference; fileEncoding = 4; lastKnownFileType = sourcecode.c.objc; path = ATModuleManagerDemo.m; sourceTree = "<group>"; };
		DC92FC4F2476679400DCF84F /* ATProtocolManagerDemo.m */ = {isa = PBXFileReference; fileEncoding = 4; lastKnownFileType = sourcecode.c.objc; path = ATProtocolManagerDemo.m; sourceTree = "<group>"; };
		DC92FC502476679400DCF84F /* ATNotificationDemo.h */ = {isa = PBXFileReference; fileEncoding = 4; lastKnownFileType = sourcecode.c.h; path = ATNotificationDemo.h; sourceTree = "<group>"; };
		DC92FC512476679400DCF84F /* ATComponentDemo.m */ = {isa = PBXFileReference; fileEncoding = 4; lastKnownFileType = sourcecode.c.objc; path = ATComponentDemo.m; sourceTree = "<group>"; };
		DC92FC522476679400DCF84F /* ATApiStrategyDemo.h */ = {isa = PBXFileReference; fileEncoding = 4; lastKnownFileType = sourcecode.c.h; path = ATApiStrategyDemo.h; sourceTree = "<group>"; };
		DC92FC532476679400DCF84F /* ATProtocolManagerDemo.h */ = {isa = PBXFileReference; fileEncoding = 4; lastKnownFileType = sourcecode.c.h; path = ATProtocolManagerDemo.h; sourceTree = "<group>"; };
		DC92FC542476679400DCF84F /* ATModuleManagerDemo.h */ = {isa = PBXFileReference; fileEncoding = 4; lastKnownFileType = sourcecode.c.h; path = ATModuleManagerDemo.h; sourceTree = "<group>"; };
		DCB255872476585900AE8255 /* AppToolboxDemo.app */ = {isa = PBXFileReference; explicitFileType = wrapper.application; includeInIndex = 0; path = AppToolboxDemo.app; sourceTree = BUILT_PRODUCTS_DIR; };
		DCB2558A2476585900AE8255 /* AppDelegate.h */ = {isa = PBXFileReference; lastKnownFileType = sourcecode.c.h; path = AppDelegate.h; sourceTree = "<group>"; };
		DCB2558B2476585900AE8255 /* AppDelegate.m */ = {isa = PBXFileReference; lastKnownFileType = sourcecode.c.objc; path = AppDelegate.m; sourceTree = "<group>"; };
		DCB255902476585900AE8255 /* ViewController.h */ = {isa = PBXFileReference; lastKnownFileType = sourcecode.c.h; path = ViewController.h; sourceTree = "<group>"; };
		DCB255912476585900AE8255 /* ViewController.m */ = {isa = PBXFileReference; lastKnownFileType = sourcecode.c.objc; path = ViewController.m; sourceTree = "<group>"; };
		DCB255942476585900AE8255 /* Base */ = {isa = PBXFileReference; lastKnownFileType = file.storyboard; name = Base; path = Base.lproj/Main.storyboard; sourceTree = "<group>"; };
		DCB255962476585B00AE8255 /* Assets.xcassets */ = {isa = PBXFileReference; lastKnownFileType = folder.assetcatalog; path = Assets.xcassets; sourceTree = "<group>"; };
		DCB255992476585B00AE8255 /* Base */ = {isa = PBXFileReference; lastKnownFileType = file.storyboard; name = Base; path = Base.lproj/LaunchScreen.storyboard; sourceTree = "<group>"; };
		DCB2559B2476585B00AE8255 /* Info.plist */ = {isa = PBXFileReference; lastKnownFileType = text.plist.xml; path = Info.plist; sourceTree = "<group>"; };
		DCB2559C2476585B00AE8255 /* main.m */ = {isa = PBXFileReference; lastKnownFileType = sourcecode.c.objc; path = main.m; sourceTree = "<group>"; };
		DCB255A32476597D00AE8255 /* AppToolbox.xcodeproj */ = {isa = PBXFileReference; lastKnownFileType = "wrapper.pb-project"; name = AppToolbox.xcodeproj; path = ../AppToolbox.xcodeproj; sourceTree = "<group>"; };
/* End PBXFileReference section */

/* Begin PBXFrameworksBuildPhase section */
		DCB255842476585900AE8255 /* Frameworks */ = {
			isa = PBXFrameworksBuildPhase;
			buildActionMask = 2147483647;
			files = (
				DCB255AF24765A1100AE8255 /* libAppToolbox.a in Frameworks */,
			);
			runOnlyForDeploymentPostprocessing = 0;
		};
/* End PBXFrameworksBuildPhase section */

/* Begin PBXGroup section */
		DC92FC4A2476679400DCF84F /* Demo */ = {
			isa = PBXGroup;
			children = (
				DC92FC522476679400DCF84F /* ATApiStrategyDemo.h */,
				DC92FC4C2476679400DCF84F /* ATApiStrategyDemo.m */,
				DC92FC4B2476679400DCF84F /* ATComponentDemo.h */,
				DC92FC512476679400DCF84F /* ATComponentDemo.m */,
				DC92FC542476679400DCF84F /* ATModuleManagerDemo.h */,
				DC92FC4E2476679400DCF84F /* ATModuleManagerDemo.m */,
				DC92FC502476679400DCF84F /* ATNotificationDemo.h */,
				DC92FC4D2476679400DCF84F /* ATNotificationDemo.m */,
				DC92FC532476679400DCF84F /* ATProtocolManagerDemo.h */,
				DC92FC4F2476679400DCF84F /* ATProtocolManagerDemo.m */,
			);
			path = Demo;
			sourceTree = "<group>";
		};
		DCB2557E2476585900AE8255 = {
			isa = PBXGroup;
			children = (
				DCB255A32476597D00AE8255 /* AppToolbox.xcodeproj */,
				DCB255892476585900AE8255 /* AppToolboxDemo */,
				DCB255882476585900AE8255 /* Products */,
				DCB255AE24765A1100AE8255 /* Frameworks */,
			);
			sourceTree = "<group>";
		};
		DCB255882476585900AE8255 /* Products */ = {
			isa = PBXGroup;
			children = (
				DCB255872476585900AE8255 /* AppToolboxDemo.app */,
			);
			name = Products;
			sourceTree = "<group>";
		};
		DCB255892476585900AE8255 /* AppToolboxDemo */ = {
			isa = PBXGroup;
			children = (
				DC92FC4A2476679400DCF84F /* Demo */,
				DCB2558A2476585900AE8255 /* AppDelegate.h */,
				DCB2558B2476585900AE8255 /* AppDelegate.m */,
				DCB255902476585900AE8255 /* ViewController.h */,
				DCB255912476585900AE8255 /* ViewController.m */,
				DCB255932476585900AE8255 /* Main.storyboard */,
				DCB255962476585B00AE8255 /* Assets.xcassets */,
				DCB255982476585B00AE8255 /* LaunchScreen.storyboard */,
				DCB2559B2476585B00AE8255 /* Info.plist */,
				DCB2559C2476585B00AE8255 /* main.m */,
			);
			path = AppToolboxDemo;
			sourceTree = "<group>";
		};
		DCB255A42476597D00AE8255 /* Products */ = {
			isa = PBXGroup;
			children = (
				DCB255A92476597D00AE8255 /* libAppToolbox.a */,
				DCB255AB2476597D00AE8255 /* AppToolboxTests.xctest */,
			);
			name = Products;
			sourceTree = "<group>";
		};
		DCB255AE24765A1100AE8255 /* Frameworks */ = {
			isa = PBXGroup;
			children = (
			);
			name = Frameworks;
			sourceTree = "<group>";
		};
/* End PBXGroup section */

/* Begin PBXNativeTarget section */
		DCB255862476585900AE8255 /* AppToolboxDemo */ = {
			isa = PBXNativeTarget;
			buildConfigurationList = DCB255A02476585B00AE8255 /* Build configuration list for PBXNativeTarget "AppToolboxDemo" */;
			buildPhases = (
				DCB255832476585900AE8255 /* Sources */,
				DCB255842476585900AE8255 /* Frameworks */,
				DCB255852476585900AE8255 /* Resources */,
			);
			buildRules = (
			);
			dependencies = (
				DCB255AD24765A0B00AE8255 /* PBXTargetDependency */,
			);
			name = AppToolboxDemo;
			productName = AppToolboxDemo;
			productReference = DCB255872476585900AE8255 /* AppToolboxDemo.app */;
			productType = "com.apple.product-type.application";
		};
/* End PBXNativeTarget section */

/* Begin PBXProject section */
		DCB2557F2476585900AE8255 /* Project object */ = {
			isa = PBXProject;
			attributes = {
				LastUpgradeCheck = 1130;
				ORGANIZATIONNAME = AppToolbox;
				TargetAttributes = {
					DCB255862476585900AE8255 = {
						CreatedOnToolsVersion = 11.3.1;
					};
				};
			};
			buildConfigurationList = DCB255822476585900AE8255 /* Build configuration list for PBXProject "AppToolboxDemo" */;
			compatibilityVersion = "Xcode 9.3";
			developmentRegion = en;
			hasScannedForEncodings = 0;
			knownRegions = (
				en,
				Base,
			);
			mainGroup = DCB2557E2476585900AE8255;
			productRefGroup = DCB255882476585900AE8255 /* Products */;
			projectDirPath = "";
			projectReferences = (
				{
					ProductGroup = DCB255A42476597D00AE8255 /* Products */;
					ProjectRef = DCB255A32476597D00AE8255 /* AppToolbox.xcodeproj */;
				},
			);
			projectRoot = "";
			targets = (
				DCB255862476585900AE8255 /* AppToolboxDemo */,
			);
		};
/* End PBXProject section */

/* Begin PBXReferenceProxy section */
		DCB255A92476597D00AE8255 /* libAppToolbox.a */ = {
			isa = PBXReferenceProxy;
			fileType = archive.ar;
			path = libAppToolbox.a;
			remoteRef = DCB255A82476597D00AE8255 /* PBXContainerItemProxy */;
			sourceTree = BUILT_PRODUCTS_DIR;
		};
		DCB255AB2476597D00AE8255 /* AppToolboxTests.xctest */ = {
			isa = PBXReferenceProxy;
			fileType = wrapper.cfbundle;
			path = AppToolboxTests.xctest;
			remoteRef = DCB255AA2476597D00AE8255 /* PBXContainerItemProxy */;
			sourceTree = BUILT_PRODUCTS_DIR;
		};
/* End PBXReferenceProxy section */

/* Begin PBXResourcesBuildPhase section */
		DCB255852476585900AE8255 /* Resources */ = {
			isa = PBXResourcesBuildPhase;
			buildActionMask = 2147483647;
			files = (
				DCB2559A2476585B00AE8255 /* LaunchScreen.storyboard in Resources */,
				DCB255972476585B00AE8255 /* Assets.xcassets in Resources */,
				DCB255952476585900AE8255 /* Main.storyboard in Resources */,
			);
			runOnlyForDeploymentPostprocessing = 0;
		};
/* End PBXResourcesBuildPhase section */

/* Begin PBXSourcesBuildPhase section */
		DCB255832476585900AE8255 /* Sources */ = {
			isa = PBXSourcesBuildPhase;
			buildActionMask = 2147483647;
			files = (
				DCB255922476585900AE8255 /* ViewController.m in Sources */,
				DC92FC592476679400DCF84F /* ATComponentDemo.m in Sources */,
				DC92FC562476679400DCF84F /* ATNotificationDemo.m in Sources */,
				DC92FC552476679400DCF84F /* ATApiStrategyDemo.m in Sources */,
				DC92FC582476679400DCF84F /* ATProtocolManagerDemo.m in Sources */,
				DCB2558C2476585900AE8255 /* AppDelegate.m in Sources */,
				DCB2559D2476585B00AE8255 /* main.m in Sources */,
				DC92FC572476679400DCF84F /* ATModuleManagerDemo.m in Sources */,
			);
			runOnlyForDeploymentPostprocessing = 0;
		};
/* End PBXSourcesBuildPhase section */

/* Begin PBXTargetDependency section */
		DCB255AD24765A0B00AE8255 /* PBXTargetDependency */ = {
			isa = PBXTargetDependency;
			name = AppToolbox;
			targetProxy = DCB255AC24765A0B00AE8255 /* PBXContainerItemProxy */;
		};
/* End PBXTargetDependency section */

/* Begin PBXVariantGroup section */
		DCB255932476585900AE8255 /* Main.storyboard */ = {
			isa = PBXVariantGroup;
			children = (
				DCB255942476585900AE8255 /* Base */,
			);
			name = Main.storyboard;
			sourceTree = "<group>";
		};
		DCB255982476585B00AE8255 /* LaunchScreen.storyboard */ = {
			isa = PBXVariantGroup;
			children = (
				DCB255992476585B00AE8255 /* Base */,
			);
			name = LaunchScreen.storyboard;
			sourceTree = "<group>";
		};
/* End PBXVariantGroup section */

/* Begin XCBuildConfiguration section */
		DCB2559E2476585B00AE8255 /* Debug */ = {
			isa = XCBuildConfiguration;
			buildSettings = {
				ALWAYS_SEARCH_USER_PATHS = NO;
				CLANG_ANALYZER_NONNULL = YES;
				CLANG_ANALYZER_NUMBER_OBJECT_CONVERSION = YES_AGGRESSIVE;
				CLANG_CXX_LANGUAGE_STANDARD = "gnu++14";
				CLANG_CXX_LIBRARY = "libc++";
				CLANG_ENABLE_MODULES = YES;
				CLANG_ENABLE_OBJC_ARC = YES;
				CLANG_ENABLE_OBJC_WEAK = YES;
				CLANG_WARN_BLOCK_CAPTURE_AUTORELEASING = YES;
				CLANG_WARN_BOOL_CONVERSION = YES;
				CLANG_WARN_COMMA = YES;
				CLANG_WARN_CONSTANT_CONVERSION = YES;
				CLANG_WARN_DEPRECATED_OBJC_IMPLEMENTATIONS = YES;
				CLANG_WARN_DIRECT_OBJC_ISA_USAGE = YES_ERROR;
				CLANG_WARN_DOCUMENTATION_COMMENTS = YES;
				CLANG_WARN_EMPTY_BODY = YES;
				CLANG_WARN_ENUM_CONVERSION = YES;
				CLANG_WARN_INFINITE_RECURSION = YES;
				CLANG_WARN_INT_CONVERSION = YES;
				CLANG_WARN_NON_LITERAL_NULL_CONVERSION = YES;
				CLANG_WARN_OBJC_IMPLICIT_RETAIN_SELF = YES;
				CLANG_WARN_OBJC_LITERAL_CONVERSION = YES;
				CLANG_WARN_OBJC_ROOT_CLASS = YES_ERROR;
				CLANG_WARN_RANGE_LOOP_ANALYSIS = YES;
				CLANG_WARN_STRICT_PROTOTYPES = YES;
				CLANG_WARN_SUSPICIOUS_MOVE = YES;
				CLANG_WARN_UNGUARDED_AVAILABILITY = YES_AGGRESSIVE;
				CLANG_WARN_UNREACHABLE_CODE = YES;
				CLANG_WARN__DUPLICATE_METHOD_MATCH = YES;
				COPY_PHASE_STRIP = NO;
				DEBUG_INFORMATION_FORMAT = dwarf;
				ENABLE_STRICT_OBJC_MSGSEND = YES;
				ENABLE_TESTABILITY = YES;
				GCC_C_LANGUAGE_STANDARD = gnu11;
				GCC_DYNAMIC_NO_PIC = NO;
				GCC_NO_COMMON_BLOCKS = YES;
				GCC_OPTIMIZATION_LEVEL = 0;
				GCC_PREPROCESSOR_DEFINITIONS = (
					"DEBUG=1",
					"$(inherited)",
				);
				GCC_WARN_64_TO_32_BIT_CONVERSION = YES;
				GCC_WARN_ABOUT_RETURN_TYPE = YES_ERROR;
				GCC_WARN_UNDECLARED_SELECTOR = YES;
				GCC_WARN_UNINITIALIZED_AUTOS = YES_AGGRESSIVE;
				GCC_WARN_UNUSED_FUNCTION = YES;
				GCC_WARN_UNUSED_VARIABLE = YES;
				IPHONEOS_DEPLOYMENT_TARGET = 9.0;
				MTL_ENABLE_DEBUG_INFO = INCLUDE_SOURCE;
				MTL_FAST_MATH = YES;
				ONLY_ACTIVE_ARCH = YES;
				SDKROOT = iphoneos;
				USER_HEADER_SEARCH_PATHS = "../AppToolbox/**";
			};
			name = Debug;
		};
		DCB2559F2476585B00AE8255 /* Release */ = {
			isa = XCBuildConfiguration;
			buildSettings = {
				ALWAYS_SEARCH_USER_PATHS = NO;
				CLANG_ANALYZER_NONNULL = YES;
				CLANG_ANALYZER_NUMBER_OBJECT_CONVERSION = YES_AGGRESSIVE;
				CLANG_CXX_LANGUAGE_STANDARD = "gnu++14";
				CLANG_CXX_LIBRARY = "libc++";
				CLANG_ENABLE_MODULES = YES;
				CLANG_ENABLE_OBJC_ARC = YES;
				CLANG_ENABLE_OBJC_WEAK = YES;
				CLANG_WARN_BLOCK_CAPTURE_AUTORELEASING = YES;
				CLANG_WARN_BOOL_CONVERSION = YES;
				CLANG_WARN_COMMA = YES;
				CLANG_WARN_CONSTANT_CONVERSION = YES;
				CLANG_WARN_DEPRECATED_OBJC_IMPLEMENTATIONS = YES;
				CLANG_WARN_DIRECT_OBJC_ISA_USAGE = YES_ERROR;
				CLANG_WARN_DOCUMENTATION_COMMENTS = YES;
				CLANG_WARN_EMPTY_BODY = YES;
				CLANG_WARN_ENUM_CONVERSION = YES;
				CLANG_WARN_INFINITE_RECURSION = YES;
				CLANG_WARN_INT_CONVERSION = YES;
				CLANG_WARN_NON_LITERAL_NULL_CONVERSION = YES;
				CLANG_WARN_OBJC_IMPLICIT_RETAIN_SELF = YES;
				CLANG_WARN_OBJC_LITERAL_CONVERSION = YES;
				CLANG_WARN_OBJC_ROOT_CLASS = YES_ERROR;
				CLANG_WARN_RANGE_LOOP_ANALYSIS = YES;
				CLANG_WARN_STRICT_PROTOTYPES = YES;
				CLANG_WARN_SUSPICIOUS_MOVE = YES;
				CLANG_WARN_UNGUARDED_AVAILABILITY = YES_AGGRESSIVE;
				CLANG_WARN_UNREACHABLE_CODE = YES;
				CLANG_WARN__DUPLICATE_METHOD_MATCH = YES;
				COPY_PHASE_STRIP = NO;
				DEBUG_INFORMATION_FORMAT = "dwarf-with-dsym";
				ENABLE_NS_ASSERTIONS = NO;
				ENABLE_STRICT_OBJC_MSGSEND = YES;
				GCC_C_LANGUAGE_STANDARD = gnu11;
				GCC_NO_COMMON_BLOCKS = YES;
				GCC_WARN_64_TO_32_BIT_CONVERSION = YES;
				GCC_WARN_ABOUT_RETURN_TYPE = YES_ERROR;
				GCC_WARN_UNDECLARED_SELECTOR = YES;
				GCC_WARN_UNINITIALIZED_AUTOS = YES_AGGRESSIVE;
				GCC_WARN_UNUSED_FUNCTION = YES;
				GCC_WARN_UNUSED_VARIABLE = YES;
				IPHONEOS_DEPLOYMENT_TARGET = 9.0;
				MTL_ENABLE_DEBUG_INFO = NO;
				MTL_FAST_MATH = YES;
				SDKROOT = iphoneos;
				USER_HEADER_SEARCH_PATHS = "../AppToolbox/**";
				VALIDATE_PRODUCT = YES;
			};
			name = Release;
		};
		DCB255A12476585B00AE8255 /* Debug */ = {
			isa = XCBuildConfiguration;
			buildSettings = {
				ASSETCATALOG_COMPILER_APPICON_NAME = AppIcon;
				CODE_SIGN_STYLE = Automatic;
				INFOPLIST_FILE = AppToolboxDemo/Info.plist;
				LD_RUNPATH_SEARCH_PATHS = (
					"$(inherited)",
					"@executable_path/Frameworks",
				);
				PRODUCT_BUNDLE_IDENTIFIER = com.AppToolbox.AppToolboxDemo;
				PRODUCT_NAME = "$(TARGET_NAME)";
				TARGETED_DEVICE_FAMILY = "1,2";
			};
			name = Debug;
		};
		DCB255A22476585B00AE8255 /* Release */ = {
			isa = XCBuildConfiguration;
			buildSettings = {
				ASSETCATALOG_COMPILER_APPICON_NAME = AppIcon;
				CODE_SIGN_STYLE = Automatic;
				INFOPLIST_FILE = AppToolboxDemo/Info.plist;
				LD_RUNPATH_SEARCH_PATHS = (
					"$(inherited)",
					"@executable_path/Frameworks",
				);
				PRODUCT_BUNDLE_IDENTIFIER = com.AppToolbox.AppToolboxDemo;
				PRODUCT_NAME = "$(TARGET_NAME)";
				TARGETED_DEVICE_FAMILY = "1,2";
			};
			name = Release;
		};
/* End XCBuildConfiguration section */

/* Begin XCConfigurationList section */
		DCB255822476585900AE8255 /* Build configuration list for PBXProject "AppToolboxDemo" */ = {
			isa = XCConfigurationList;
			buildConfigurations = (
				DCB2559E2476585B00AE8255 /* Debug */,
				DCB2559F2476585B00AE8255 /* Release */,
			);
			defaultConfigurationIsVisible = 0;
			defaultConfigurationName = Release;
		};
		DCB255A02476585B00AE8255 /* Build configuration list for PBXNativeTarget "AppToolboxDemo" */ = {
			isa = XCConfigurationList;
			buildConfigurations = (
				DCB255A12476585B00AE8255 /* Debug */,
				DCB255A22476585B00AE8255 /* Release */,
			);
			defaultConfigurationIsVisible = 0;
			defaultConfigurationName = Release;
		};
/* End XCConfigurationList section */
	};
	rootObject = DCB2557F2476585900AE8255 /* Project object */;
}
